
Microsoft Visual Studio Solution File, Format Version 12.00
Project("{FAE04EC0-301F-11D3-BF4B-00C04F79EFBC}") = "apbd-containers", "apbd-containers.csproj", "{D599DA0F-07E1-4D11-A9DB-7D1CC7CC68B6}"
EndProject
Global
	GlobalSection(SolutionConfigurationPlatforms) = preSolution
		Debug|Any CPU = Debug|Any CPU
		Release|Any CPU = Release|Any CPU
	EndGlobalSection
	GlobalSection(ProjectConfigurationPlatforms) = postSolution
		{D599DA0F-07E1-4D11-A9DB-7D1CC7CC68B6}.Debug|Any CPU.ActiveCfg = Debug|Any CPU
		{D599DA0F-07E1-4D11-A9DB-7D1CC7CC68B6}.Debug|Any CPU.Build.0 = Debug|Any CPU
		{D599DA0F-07E1-4D11-A9DB-7D1CC7CC68B6}.Release|Any CPU.ActiveCfg = Release|Any CPU
		{D599DA0F-07E1-4D11-A9DB-7D1CC7CC68B6}.Release|Any CPU.Build.0 = Release|Any CPU
	EndGlobalSection
EndGlobal
